
Microsoft Visual Studio Solution File, Format Version 12.00
# Visual Studio 2012
Project("{8BC9CEB8-8B4A-11D0-8D11-00A0C91BC942}") = "Exercice1", "DS2013.vcxproj", "{759FA150-4CC2-497A-ADD1-69D3EB140865}"
EndProject
Project("{8BC9CEB8-8B4A-11D0-8D11-00A0C91BC942}") = "Exercice2", "..\Exercice2\Exercice2.vcxproj", "{A848B410-A179-4F9A-AF50-784A0437A825}"
EndProject
Project("{8BC9CEB8-8B4A-11D0-8D11-00A0C91BC942}") = "Exercice2bis", "..\Exercice2bis\Exercice2bis.vcxproj", "{4F3B4AA5-7D26-445A-9C0B-298975D7CE44}"
EndProject
Global
	GlobalSection(SolutionConfigurationPlatforms) = preSolution
		Debug|Win32 = Debug|Win32
		Release|Win32 = Release|Win32
	EndGlobalSection
	GlobalSection(ProjectConfigurationPlatforms) = postSolution
		{759FA150-4CC2-497A-ADD1-69D3EB140865}.Debug|Win32.ActiveCfg = Debug|Win32
		{759FA150-4CC2-497A-ADD1-69D3EB140865}.Debug|Win32.Build.0 = Debug|Win32
		{759FA150-4CC2-497A-ADD1-69D3EB140865}.Release|Win32.ActiveCfg = Release|Win32
		{759FA150-4CC2-497A-ADD1-69D3EB140865}.Release|Win32.Build.0 = Release|Win32
		{A848B410-A179-4F9A-AF50-784A0437A825}.Debug|Win32.ActiveCfg = Debug|Win32
		{A848B410-A179-4F9A-AF50-784A0437A825}.Debug|Win32.Build.0 = Debug|Win32
		{A848B410-A179-4F9A-AF50-784A0437A825}.Release|Win32.ActiveCfg = Release|Win32
		{A848B410-A179-4F9A-AF50-784A0437A825}.Release|Win32.Build.0 = Release|Win32
		{4F3B4AA5-7D26-445A-9C0B-298975D7CE44}.Debug|Win32.ActiveCfg = Debug|Win32
		{4F3B4AA5-7D26-445A-9C0B-298975D7CE44}.Debug|Win32.Build.0 = Debug|Win32
		{4F3B4AA5-7D26-445A-9C0B-298975D7CE44}.Release|Win32.ActiveCfg = Release|Win32
		{4F3B4AA5-7D26-445A-9C0B-298975D7CE44}.Release|Win32.Build.0 = Release|Win32
	EndGlobalSection
	GlobalSection(SolutionProperties) = preSolution
		HideSolutionNode = FALSE
	EndGlobalSection
EndGlobal
